
Microsoft Visual Studio Solution File, Format Version 12.00
# Visual Studio Version 17
VisualStudioVersion = 17.1.32210.238
MinimumVisualStudioVersion = 10.0.40219.1
Project("{9A19103F-16F7-4668-BE54-9A1E7A4F7556}") = "SplitiT", "SplitiT\SplitiT.csproj", "{4726A419-ECAF-4D0F-AF15-564EB5D82840}"
EndProject
Project("{FAE04EC0-301F-11D3-BF4B-00C04F79EFBC}") = "Test1", "Test1\Test1.csproj", "{F338BA90-9003-41A4-B19F-92916DDC7BE4}"
EndProject
Global
	GlobalSection(SolutionConfigurationPlatforms) = preSolution
		Debug|Any CPU = Debug|Any CPU
		Release|Any CPU = Release|Any CPU
	EndGlobalSection
	GlobalSection(ProjectConfigurationPlatforms) = postSolution
		{4726A419-ECAF-4D0F-AF15-564EB5D82840}.Debug|Any CPU.ActiveCfg = Debug|Any CPU
		{4726A419-ECAF-4D0F-AF15-564EB5D82840}.Debug|Any CPU.Build.0 = Debug|Any CPU
		{4726A419-ECAF-4D0F-AF15-564EB5D82840}.Release|Any CPU.ActiveCfg = Release|Any CPU
		{4726A419-ECAF-4D0F-AF15-564EB5D82840}.Release|Any CPU.Build.0 = Release|Any CPU
		{F338BA90-9003-41A4-B19F-92916DDC7BE4}.Debug|Any CPU.ActiveCfg = Debug|Any CPU
		{F338BA90-9003-41A4-B19F-92916DDC7BE4}.Debug|Any CPU.Build.0 = Debug|Any CPU
		{F338BA90-9003-41A4-B19F-92916DDC7BE4}.Release|Any CPU.ActiveCfg = Release|Any CPU
		{F338BA90-9003-41A4-B19F-92916DDC7BE4}.Release|Any CPU.Build.0 = Release|Any CPU
	EndGlobalSection
	GlobalSection(SolutionProperties) = preSolution
		HideSolutionNode = FALSE
	EndGlobalSection
	GlobalSection(ExtensibilityGlobals) = postSolution
		SolutionGuid = {6EEBDFD3-DCB4-45D4-9B3D-3412772FB90B}
	EndGlobalSection
EndGlobal
